PODS:
  - CocoaLumberjack (2.0.1):
    - CocoaLumberjack/Default
    - CocoaLumberjack/Extensions
  - CocoaLumberjack/Core (2.0.1)
  - CocoaLumberjack/Default (2.0.1):
    - CocoaLumberjack/Core
  - CocoaLumberjack/Extensions (2.0.1):
    - CocoaLumberjack/Default
  - GPUImage (0.1.7)
  - MBProgressHUD (0.9.1)
  - UIAlertController+Blocks (0.9)

DEPENDENCIES:
  - CocoaLumberjack
  - GPUImage
  - MBProgressHUD
  - UIAlertController+Blocks

SPEC CHECKSUMS:
  CocoaLumberjack: 019d1361244274a6138c788c6cb80baabc13fb8f
  GPUImage: 733a5f0fab92df9de1c37ba9df520a833ccb406d
  MBProgressHUD: c47f2c166c126cf2ce36498d80f33e754d4e93ad
  UIAlertController+Blocks: b48c673ff60726da468b32ab21bbc7683512d45b

COCOAPODS: 0.34.4
